
Microsoft Visual Studio Solution File, Format Version 12.00
# Visual Studio 2013
VisualStudioVersion = 12.0.21005.1
MinimumVisualStudioVersion = 10.0.40219.1
Project("{FAE04EC0-301F-11D3-BF4B-00C04F79EFBC}") = "Clustering", "Clustering\Clustering.csproj", "{1B57B009-C8B9-47F0-A64A-D3B1670B7DB2}"
EndProject
Project("{FAE04EC0-301F-11D3-BF4B-00C04F79EFBC}") = "CostFunction", "CostFunction\CostFunction.csproj", "{1030A05B-65BB-4B81-B1C3-877537442E2C}"
EndProject
Project("{FAE04EC0-301F-11D3-BF4B-00C04F79EFBC}") = "Iteration", "Iteration\Iteration.csproj", "{4516AABF-1F51-4ACF-B573-1EA34472CC09}"
EndProject
Project("{FAE04EC0-301F-11D3-BF4B-00C04F79EFBC}") = "Validation", "Validation\Validation.csproj", "{14070967-45B9-4A8C-AD76-3585A8CB6487}"
EndProject
Global
	GlobalSection(SolutionConfigurationPlatforms) = preSolution
		Debug|Any CPU = Debug|Any CPU
		Release|Any CPU = Release|Any CPU
	EndGlobalSection
	GlobalSection(ProjectConfigurationPlatforms) = postSolution
		{1B57B009-C8B9-47F0-A64A-D3B1670B7DB2}.Debug|Any CPU.ActiveCfg = Debug|Any CPU
		{1B57B009-C8B9-47F0-A64A-D3B1670B7DB2}.Debug|Any CPU.Build.0 = Debug|Any CPU
		{1B57B009-C8B9-47F0-A64A-D3B1670B7DB2}.Release|Any CPU.ActiveCfg = Release|Any CPU
		{1B57B009-C8B9-47F0-A64A-D3B1670B7DB2}.Release|Any CPU.Build.0 = Release|Any CPU
		{1030A05B-65BB-4B81-B1C3-877537442E2C}.Debug|Any CPU.ActiveCfg = Debug|Any CPU
		{1030A05B-65BB-4B81-B1C3-877537442E2C}.Debug|Any CPU.Build.0 = Debug|Any CPU
		{1030A05B-65BB-4B81-B1C3-877537442E2C}.Release|Any CPU.ActiveCfg = Release|Any CPU
		{1030A05B-65BB-4B81-B1C3-877537442E2C}.Release|Any CPU.Build.0 = Release|Any CPU
		{4516AABF-1F51-4ACF-B573-1EA34472CC09}.Debug|Any CPU.ActiveCfg = Debug|Any CPU
		{4516AABF-1F51-4ACF-B573-1EA34472CC09}.Debug|Any CPU.Build.0 = Debug|Any CPU
		{4516AABF-1F51-4ACF-B573-1EA34472CC09}.Release|Any CPU.ActiveCfg = Release|Any CPU
		{4516AABF-1F51-4ACF-B573-1EA34472CC09}.Release|Any CPU.Build.0 = Release|Any CPU
		{14070967-45B9-4A8C-AD76-3585A8CB6487}.Debug|Any CPU.ActiveCfg = Debug|Any CPU
		{14070967-45B9-4A8C-AD76-3585A8CB6487}.Debug|Any CPU.Build.0 = Debug|Any CPU
		{14070967-45B9-4A8C-AD76-3585A8CB6487}.Release|Any CPU.ActiveCfg = Release|Any CPU
		{14070967-45B9-4A8C-AD76-3585A8CB6487}.Release|Any CPU.Build.0 = Release|Any CPU
	EndGlobalSection
	GlobalSection(SolutionProperties) = preSolution
		HideSolutionNode = FALSE
	EndGlobalSection
EndGlobal
